{
  "R": {
    "Version": "3.6.2",
    "Repositories": [
      {
        "Name": "CRAN",
        "URL": "https://cran.rstudio.com"
      }
    ]
  },
  "Packages": {
    "BH": {
      "Package": "BH",
      "Version": "1.72.0-3",
      "Source": "Repository",
      "Repository": "CRAN",
      "Hash": "8f9ce74c6417d61f0782cbae5fd2b7b0"
    },
    "MASS": {
      "Package": "MASS",
      "Version": "7.3-51.4",
      "Source": "Repository",
      "Repository": "CRAN",
      "Hash": "a94714e63996bc284b8795ec50defc07"
    },
    "Matrix": {
      "Package": "Matrix",
      "Version": "1.2-18",
      "Source": "Repository",
      "Repository": "CRAN",
      "Hash": "08588806cba69f04797dab50627428ed"
    },
    "R6": {
      "Package": "R6",
      "Version": "2.4.1",
      "Source": "Repository",
      "Repository": "CRAN",
      "Hash": "292b54f8f4b94669b08f94e5acce6be2"
    },
    "RColorBrewer": {
      "Package": "RColorBrewer",
      "Version": "1.1-2",
      "Source": "CRAN",
      "Repository": "CRAN",
      "RemoteType": "standard",
      "RemoteRef": "RColorBrewer",
      "RemoteRepos": "https://cran.rstudio.com/",
      "RemotePkgType": "macos",
      "RemoteSha": "1.1-2",
      "Hash": "e031418365a7f7a766181ab5a41a5716"
    },
    "Rcpp": {
      "Package": "Rcpp",
      "Version": "1.0.3",
      "Source": "Repository",
      "Repository": "CRAN",
      "Hash": "f3ca785924863b0e4c8cb23b6a5c75a1"
    },
    "assertthat": {
      "Package": "assertthat",
      "Version": "0.2.1",
      "Source": "Repository",
      "Repository": "CRAN",
      "Hash": "50c838a310445e954bc13f26f26a6ecf"
    },
    "backports": {
      "Package": "backports",
      "Version": "1.1.5",
      "Source": "Repository",
      "Repository": "CRAN",
      "Hash": "e9f705633dc932bfd5b02b17a5053a06"
    },
    "base64enc": {
      "Package": "base64enc",
      "Version": "0.1-3",
      "Source": "Repository",
      "Repository": "CRAN",
      "Hash": "543776ae6848fde2f48ff3816d0628bc"
    },
    "callr": {
      "Package": "callr",
      "Version": "3.4.2",
      "Source": "Repository",
      "Repository": "CRAN",
      "Hash": "d16f6e202179e69c1400cc1f845bfc09"
    },
    "cli": {
      "Package": "cli",
      "Version": "2.0.1",
      "Source": "Repository",
      "Repository": "CRAN",
      "Hash": "5173d8ab28680cf263636b110f4f3220"
    },
    "clipr": {
      "Package": "clipr",
      "Version": "0.7.0",
      "Source": "CRAN",
      "Repository": "CRAN",
      "RemoteType": "standard",
      "RemoteRef": "clipr",
      "RemoteRepos": "https://cran.rstudio.com/",
      "RemotePkgType": "macos",
      "RemoteSha": "0.7.0",
      "Hash": "08cf4045c149a0f0eaf405324c7495bd"
    },
    "colorspace": {
      "Package": "colorspace",
      "Version": "1.4-1",
      "Source": "CRAN",
      "Repository": "CRAN",
      "RemoteType": "standard",
      "RemoteRef": "colorspace",
      "RemoteRepos": "https://cran.rstudio.com/",
      "RemotePkgType": "macos",
      "RemoteSha": "1.4-1",
      "Hash": "6b436e95723d1f0e861224dd9b094dfb"
    },
    "countdown": {
      "Package": "countdown",
      "Version": "0.3.5",
      "Source": "GitHub",
      "RemoteType": "github",
      "RemoteHost": "api.github.com",
      "RemoteRepo": "countdown",
      "RemoteUsername": "gadenbuie",
      "RemoteRef": "master",
      "RemoteSha": "a544fa48e2248996002e059ca07ad620d2aec3a8",
      "Hash": "5820182bacf75cb710126bf7063689f9"
    },
    "crayon": {
      "Package": "crayon",
      "Version": "1.3.4",
      "Source": "Repository",
      "Repository": "CRAN",
      "Hash": "0d57bc8e27b7ba9e45dba825ebc0de6b"
    },
    "digest": {
      "Package": "digest",
      "Version": "0.6.24",
      "Source": "Repository",
      "Repository": "CRAN",
      "Hash": "dc0030cea0d85397ba3ba5b930c82c6a"
    },
    "dplyr": {
      "Package": "dplyr",
      "Version": "0.8.3",
      "Source": "CRAN",
      "Repository": "CRAN",
      "RemoteType": "standard",
      "RemoteRef": "dplyr",
      "RemoteRepos": "https://cran.rstudio.com/",
      "RemotePkgType": "macos",
      "RemoteSha": "0.8.3",
      "Hash": "c426258a806b7e69613432b197b9954d"
    },
    "ellipsis": {
      "Package": "ellipsis",
      "Version": "0.3.0",
      "Source": "Repository",
      "Repository": "CRAN",
      "Hash": "7067d90c1c780bfe80c0d497e3d7b49d"
    },
    "evaluate": {
      "Package": "evaluate",
      "Version": "0.14",
      "Source": "CRAN",
      "Repository": "CRAN",
      "RemoteType": "standard",
      "RemoteRef": "evaluate",
      "RemoteRepos": "https://cran.rstudio.com/",
      "RemotePkgType": "macos",
      "RemoteSha": "0.14",
      "Hash": "ec8ca05cffcc70569eaaad8469d2a3a7"
    },
    "fansi": {
      "Package": "fansi",
      "Version": "0.4.1",
      "Source": "Repository",
      "Repository": "CRAN",
      "Hash": "7fce217eaaf8016e72065e85c73027b5"
    },
    "farver": {
      "Package": "farver",
      "Version": "2.0.1",
      "Source": "CRAN",
      "Repository": "CRAN",
      "RemoteType": "standard",
      "RemoteRef": "farver",
      "RemoteRepos": "https://cran.rstudio.com/",
      "RemotePkgType": "macos",
      "RemoteSha": "2.0.1",
      "Hash": "e1e33215c942e78d2128221079b5dc35"
    },
    "fastmap": {
      "Package": "fastmap",
      "Version": "1.0.1",
      "Source": "CRAN",
      "Repository": "CRAN",
      "RemoteType": "standard",
      "RemoteRef": "fastmap",
      "RemoteRepos": "https://cran.rstudio.com/",
      "RemotePkgType": "macos",
      "RemoteSha": "1.0.1",
      "Hash": "83ab58a0518afe3d17e41da01af13b60"
    },
    "fs": {
      "Package": "fs",
      "Version": "1.3.1",
      "Source": "CRAN",
      "Repository": "CRAN",
      "RemoteType": "standard",
      "RemoteRef": "fs",
      "RemoteRepos": "https://cran.rstudio.com/",
      "RemotePkgType": "macos",
      "RemoteSha": "1.3.1",
      "Hash": "0e26be4558dbbc713d7cfe4a4c361f38"
    },
    "ggplot2": {
      "Package": "ggplot2",
      "Version": "3.2.1",
      "Source": "CRAN",
      "Repository": "CRAN",
      "RemoteType": "standard",
      "RemoteRef": "ggplot2",
      "RemoteRepos": "https://cran.rstudio.com/",
      "RemotePkgType": "macos",
      "RemoteSha": "3.2.1",
      "Hash": "9ac60f09a2f437af8df8638ef3da0288"
    },
    "glue": {
      "Package": "glue",
      "Version": "1.3.1",
      "Source": "Repository",
      "Repository": "CRAN",
      "Hash": "d4e25697c450c01b202c79ef35694a83"
    },
    "grkstyle": {
      "Package": "grkstyle",
      "Version": "0.0.1",
      "Source": "GitHub",
      "RemoteType": "github",
      "RemoteHost": "api.github.com",
      "RemoteRepo": "grkstyle",
      "RemoteUsername": "gadenbuie",
      "RemoteRef": "gadenbuie/grkstyle",
      "RemoteSha": "a141d399e87165be90825c4b57a33e999ca2655e",
      "Hash": "4175c153e9d6171bcbdde3d51c40192a"
    },
    "gtable": {
      "Package": "gtable",
      "Version": "0.3.0",
      "Source": "CRAN",
      "Repository": "CRAN",
      "RemoteType": "standard",
      "RemoteRef": "gtable",
      "RemoteRepos": "https://cran.rstudio.com/",
      "RemotePkgType": "macos",
      "RemoteSha": "0.3.0",
      "Hash": "ac5c6baf7822ce8732b343f14c072c4d"
    },
    "here": {
      "Package": "here",
      "Version": "0.1",
      "Source": "Repository",
      "Repository": "CRAN",
      "Hash": "2c0406b8e0a4c3516ab37be62da74e3c"
    },
    "highr": {
      "Package": "highr",
      "Version": "0.8",
      "Source": "CRAN",
      "Repository": "CRAN",
      "RemoteType": "standard",
      "RemoteRef": "highr",
      "RemoteRepos": "https://cran.rstudio.com/",
      "RemotePkgType": "macos",
      "RemoteSha": "0.8",
      "Hash": "4dc5bb88961e347a0f4d8aad597cbfac"
    },
    "hms": {
      "Package": "hms",
      "Version": "0.5.3",
      "Source": "Repository",
      "Repository": "CRAN",
      "Hash": "726671f634529d470545f9fd1a9d1869"
    },
    "htmltools": {
      "Package": "htmltools",
      "Version": "0.4.0",
      "Source": "CRAN",
      "Repository": "CRAN",
      "RemoteType": "standard",
      "RemoteRef": "htmltools",
      "RemoteRepos": "https://cran.rstudio.com/",
      "RemotePkgType": "macos",
      "RemoteSha": "0.4.0",
      "Hash": "2d7691222f82f41e93f6d30f169bd5e1"
    },
    "htmlwidgets": {
      "Package": "htmlwidgets",
      "Version": "1.5.1",
      "Source": "Repository",
      "Repository": "CRAN",
      "Hash": "41bace23583fbc25089edae324de2dc3"
    },
    "httpuv": {
      "Package": "httpuv",
      "Version": "1.5.2",
      "Source": "CRAN",
      "Repository": "CRAN",
      "RemoteType": "standard",
      "RemoteRef": "httpuv",
      "RemoteRepos": "https://cran.rstudio.com/",
      "RemotePkgType": "macos",
      "RemoteSha": "1.5.2",
      "Hash": "f793dad2c9ae14fbb1d22f16f23f8326"
    },
    "js4shiny": {
      "Package": "js4shiny",
      "Version": "0.0.28",
      "Source": "GitHub",
      "RemoteType": "github",
      "RemoteHost": "api.github.com",
      "RemoteRepo": "js4shiny",
      "RemoteUsername": "gadenbuie",
      "RemoteRef": "gadenbuie/js4shiny",
      "RemoteSha": "2db9f1636c8be136d7f17892f3210364eadf9127",
      "Hash": "3044275c210fd15d35e86ada07e2401c"
    },
    "jsonlite": {
      "Package": "jsonlite",
      "Version": "1.6",
      "Source": "Repository",
      "Repository": "CRAN",
      "Hash": "bc5739654d032acf531356e32e0d0f54"
    },
    "knitr": {
      "Package": "knitr",
      "Version": "1.26",
      "Source": "CRAN",
      "Repository": "CRAN",
      "RemoteType": "standard",
      "RemoteRef": "knitr",
      "RemoteRepos": "https://cran.rstudio.com/",
      "RemotePkgType": "macos",
      "RemoteSha": "1.26",
      "Hash": "a1f86bbc39ae43c6ae183223a52527a1"
    },
    "labeling": {
      "Package": "labeling",
      "Version": "0.3",
      "Source": "CRAN",
      "Repository": "CRAN",
      "RemoteType": "standard",
      "RemoteRef": "labeling",
      "RemoteRepos": "https://cran.rstudio.com/",
      "RemotePkgType": "macos",
      "RemoteSha": "0.3",
      "Hash": "73832978c1de350df58108c745ed0e3e"
    },
    "later": {
      "Package": "later",
      "Version": "1.0.0",
      "Source": "CRAN",
      "Repository": "CRAN",
      "RemoteType": "standard",
      "RemoteRef": "later",
      "RemoteRepos": "https://cran.rstudio.com/",
      "RemotePkgType": "macos",
      "RemoteSha": "1.0.0",
      "Hash": "6d927978fc658d24175ce37db635f9e5"
    },
    "lattice": {
      "Package": "lattice",
      "Version": "0.20-38",
      "Source": "Repository",
      "Repository": "CRAN",
      "Hash": "848f8c593fd1050371042d18d152e3d7"
    },
    "lazyeval": {
      "Package": "lazyeval",
      "Version": "0.2.2",
      "Source": "CRAN",
      "Repository": "CRAN",
      "RemoteType": "standard",
      "RemoteRef": "lazyeval",
      "RemoteRepos": "https://cran.rstudio.com/",
      "RemotePkgType": "macos",
      "RemoteSha": "0.2.2",
      "Hash": "d908914ae53b04d4c0c0fd72ecc35370"
    },
    "lifecycle": {
      "Package": "lifecycle",
      "Version": "0.1.0",
      "Source": "CRAN",
      "Repository": "CRAN",
      "RemoteType": "standard",
      "RemoteRef": "lifecycle",
      "RemoteRepos": "https://cran.rstudio.com/",
      "RemotePkgType": "macos",
      "RemoteSha": "0.1.0",
      "Hash": "dc0e9c03b3635ff433b045ce6bf0612d"
    },
    "magrittr": {
      "Package": "magrittr",
      "Version": "1.5",
      "Source": "Repository",
      "Repository": "CRAN",
      "Hash": "1bb58822a20301cee84a41678e25d9b7"
    },
    "markdown": {
      "Package": "markdown",
      "Version": "1.1",
      "Source": "CRAN",
      "Repository": "CRAN",
      "RemoteType": "standard",
      "RemoteRef": "markdown",
      "RemoteRepos": "https://cran.rstudio.com/",
      "RemotePkgType": "macos",
      "RemoteSha": "1.1",
      "Hash": "61e4a10781dd00d7d81dd06ca9b94e95"
    },
    "metathis": {
      "Package": "metathis",
      "Version": "1.0.1",
      "Source": "GitHub",
      "RemoteType": "github",
      "RemoteHost": "api.github.com",
      "RemoteRepo": "metathis",
      "RemoteUsername": "gadenbuie",
      "RemoteRef": "master",
      "RemoteSha": "20375948818d48fac01609a5b36167609867304a",
      "Hash": "4ef16c8bdd5c9ebca94e0b1a2052a0d6"
    },
    "mgcv": {
      "Package": "mgcv",
      "Version": "1.8-31",
      "Source": "Repository",
      "Repository": "CRAN",
      "Hash": "4bb7e0c4f3557583e1e8d3c9ffb8ba5c"
    },
    "mime": {
      "Package": "mime",
      "Version": "0.8",
      "Source": "CRAN",
      "Repository": "CRAN",
      "RemoteType": "standard",
      "RemoteRef": "mime",
      "RemoteRepos": "https://cran.rstudio.com/",
      "RemotePkgType": "macos",
      "RemoteSha": "0.8",
      "Hash": "3d8abfab430c94a15e20eb91f052293f"
    },
    "munsell": {
      "Package": "munsell",
      "Version": "0.5.0",
      "Source": "CRAN",
      "Repository": "CRAN",
      "RemoteType": "standard",
      "RemoteRef": "munsell",
      "RemoteRepos": "https://cran.rstudio.com/",
      "RemotePkgType": "macos",
      "RemoteSha": "0.5.0",
      "Hash": "6dfe8bf774944bd5595785e3229d8771"
    },
    "nlme": {
      "Package": "nlme",
      "Version": "3.1-142",
      "Source": "Repository",
      "Repository": "CRAN",
      "Hash": "557d78d7eac2c1090ee58647a6274142"
    },
    "pillar": {
      "Package": "pillar",
      "Version": "1.4.3",
      "Source": "Repository",
      "Repository": "CRAN",
      "Hash": "fa3ed60396b6998d0427c57dab90fba4"
    },
    "pkgconfig": {
      "Package": "pkgconfig",
      "Version": "2.0.3",
      "Source": "Repository",
      "Repository": "CRAN",
      "Hash": "01f28d4278f15c76cddbea05899c5d6f"
    },
    "plogr": {
      "Package": "plogr",
      "Version": "0.2.0",
      "Source": "Repository",
      "Repository": "CRAN",
      "Hash": "09eb987710984fc2905c7129c7d85e65"
    },
    "plyr": {
      "Package": "plyr",
      "Version": "1.8.5",
      "Source": "CRAN",
      "Repository": "CRAN",
      "RemoteType": "standard",
      "RemoteRef": "plyr",
      "RemoteRepos": "https://cran.rstudio.com/",
      "RemotePkgType": "macos",
      "RemoteSha": "1.8.5",
      "Hash": "3f1b0dbcc503320e6e7aae6c3ff87eaa"
    },
    "processx": {
      "Package": "processx",
      "Version": "3.4.2",
      "Source": "Repository",
      "Repository": "CRAN",
      "Hash": "20a082f2bde0ffcd8755779fd476a274"
    },
    "promises": {
      "Package": "promises",
      "Version": "1.1.0",
      "Source": "CRAN",
      "Repository": "CRAN",
      "RemoteType": "standard",
      "RemoteRef": "promises",
      "RemoteRepos": "https://cran.rstudio.com/",
      "RemotePkgType": "macos",
      "RemoteSha": "1.1.0",
      "Hash": "efbbe62da4709f7040a380c702bc7103"
    },
    "ps": {
      "Package": "ps",
      "Version": "1.3.2",
      "Source": "Repository",
      "Repository": "CRAN",
      "Hash": "98777535b61c57d1749344345e2a4ccd"
    },
    "purrr": {
      "Package": "purrr",
      "Version": "0.3.3",
      "Source": "CRAN",
      "Repository": "CRAN",
      "RemoteType": "standard",
      "RemoteRef": "purrr",
      "RemoteRepos": "https://cran.rstudio.com/",
      "RemotePkgType": "macos",
      "RemoteSha": "0.3.3",
      "Hash": "22aca7d1181718e927d403a8c2d69d62"
    },
    "readr": {
      "Package": "readr",
      "Version": "1.3.1",
      "Source": "CRAN",
      "Repository": "CRAN",
      "RemoteType": "standard",
      "RemoteRef": "readr",
      "RemoteRepos": "https://cran.rstudio.com/",
      "RemotePkgType": "macos",
      "RemoteSha": "1.3.1",
      "Hash": "af8ab99cd936773a148963905736907b"
    },
    "rematch2": {
      "Package": "rematch2",
      "Version": "2.1.0",
      "Source": "Repository",
      "Repository": "CRAN",
      "Hash": "a8e6ebbd476d2b8f6557ed3fab3b6139"
    },
    "renv": {
      "Package": "renv",
      "Version": "0.9.3-14",
      "Source": "GitHub",
      "RemoteType": "github",
      "RemoteHost": "api.github.com",
      "RemoteRepo": "renv",
      "RemoteUsername": "rstudio",
      "RemoteRef": "rstudio/renv",
      "RemoteSha": "7b4a178ca522c462b2cd7a4032534a20dab90e56",
      "Hash": "622958c4b60bac6c4247fb5fe73d1f52"
    },
    "reshape2": {
      "Package": "reshape2",
      "Version": "1.4.3",
      "Source": "CRAN",
      "Repository": "CRAN",
      "RemoteType": "standard",
      "RemoteRef": "reshape2",
      "RemoteRepos": "https://cran.rstudio.com/",
      "RemotePkgType": "macos",
      "RemoteSha": "1.4.3",
      "Hash": "15a23ad30f51789188e439599559815c"
    },
    "rlang": {
      "Package": "rlang",
      "Version": "0.4.4",
      "Source": "Repository",
      "Repository": "CRAN",
      "Hash": "09a36f36a13436be327dad3d000c8dd3"
    },
    "rmarkdown": {
      "Package": "rmarkdown",
      "Version": "2.1.1",
      "Source": "GitHub",
      "RemoteType": "github",
      "RemoteHost": "api.github.com",
      "RemoteRepo": "rmarkdown",
      "RemoteUsername": "rstudio",
      "RemoteRef": "rstudio/rmarkdown",
      "RemoteSha": "18ba267c6a0b9789c680a5b6135db910dd937e47",
      "Hash": "6f6b385a959d4d96281a47b5bfd340e3"
    },
    "rprojroot": {
      "Package": "rprojroot",
      "Version": "1.3-2",
      "Source": "Repository",
      "Repository": "CRAN",
      "Hash": "f6a407ae5dd21f6f80a6708bbb6eb3ae"
    },
    "rstudioapi": {
      "Package": "rstudioapi",
      "Version": "0.10",
      "Source": "CRAN",
      "Repository": "CRAN",
      "RemoteType": "standard",
      "RemoteRef": "rstudioapi",
      "RemoteRepos": "https://cran.rstudio.com/",
      "RemotePkgType": "macos",
      "RemoteSha": "0.10",
      "Hash": "da31c988698b91fdf6a3e2317679d6cb"
    },
    "scales": {
      "Package": "scales",
      "Version": "1.1.0",
      "Source": "CRAN",
      "Repository": "CRAN",
      "RemoteType": "standard",
      "RemoteRef": "scales",
      "RemoteRepos": "https://cran.rstudio.com/",
      "RemotePkgType": "macos",
      "RemoteSha": "1.1.0",
      "Hash": "a1c68369c629ea3188d0676e37069c65"
    },
    "servr": {
      "Package": "servr",
      "Version": "0.15",
      "Source": "Repository",
      "Repository": "CRAN",
      "Hash": "85c866520cfe5d8cd3a216aa89bd08d6"
    },
    "shiny": {
      "Package": "shiny",
      "Version": "1.4.0",
      "Source": "CRAN",
      "Repository": "CRAN",
      "RemoteType": "standard",
      "RemoteRef": "shiny",
      "RemoteRepos": "https://cran.rstudio.com/",
      "RemotePkgType": "macos",
      "RemoteSha": "1.4.0",
      "Hash": "6ca23724bb2c804c1d0b3db4862a39c7"
    },
    "shinyAce": {
      "Package": "shinyAce",
      "Version": "0.4.1",
      "Source": "Repository",
      "Repository": "CRAN",
      "Hash": "402073a8a045c9f5ea096ed94e01d9ce"
    },
    "sourcetools": {
      "Package": "sourcetools",
      "Version": "0.1.7",
      "Source": "CRAN",
      "Repository": "CRAN",
      "RemoteType": "standard",
      "RemoteRef": "sourcetools",
      "RemoteRepos": "https://cran.rstudio.com/",
      "RemotePkgType": "macos",
      "RemoteSha": "0.1.7",
      "Hash": "947e4e02a79effa5d512473e10f41797"
    },
    "stringi": {
      "Package": "stringi",
      "Version": "1.4.5",
      "Source": "Repository",
      "Repository": "CRAN",
      "Hash": "ced3b63472796155f74abc4eb5266c78"
    },
    "stringr": {
      "Package": "stringr",
      "Version": "1.4.0",
      "Source": "Repository",
      "Repository": "CRAN",
      "Hash": "0759e6b6c0957edb1311028a49a35e76"
    },
    "styler": {
      "Package": "styler",
      "Version": "1.2.0",
      "Source": "CRAN",
      "Repository": "CRAN",
      "RemoteType": "standard",
      "RemoteRef": "styler",
      "RemoteRepos": "https://cran.rstudio.com/",
      "RemotePkgType": "macos",
      "RemoteSha": "1.2.0",
      "Hash": "7787dacaca761c15c514197f545111d8"
    },
    "tibble": {
      "Package": "tibble",
      "Version": "2.1.3",
      "Source": "Repository",
      "Repository": "CRAN",
      "Hash": "8248ee35d1e15d1e506f05f5a5d46a75"
    },
    "tidyr": {
      "Package": "tidyr",
      "Version": "1.0.0",
      "Source": "CRAN",
      "Repository": "CRAN",
      "RemoteType": "standard",
      "RemoteRef": "tidyr",
      "RemoteRepos": "https://cran.rstudio.com/",
      "RemotePkgType": "macos",
      "RemoteSha": "1.0.0",
      "Hash": "8187ca2c27e80978f5b143bec554a437"
    },
    "tidyselect": {
      "Package": "tidyselect",
      "Version": "0.2.5",
      "Source": "CRAN",
      "Repository": "CRAN",
      "RemoteType": "standard",
      "RemoteRef": "tidyselect",
      "RemoteRepos": "https://cran.rstudio.com/",
      "RemotePkgType": "macos",
      "RemoteSha": "0.2.5",
      "Hash": "971842fead8ee9e150495a0ede343a98"
    },
    "tinytex": {
      "Package": "tinytex",
      "Version": "0.18",
      "Source": "CRAN",
      "Repository": "CRAN",
      "RemoteType": "standard",
      "RemoteRef": "tinytex",
      "RemoteRepos": "https://cran.rstudio.com/",
      "RemotePkgType": "macos",
      "RemoteSha": "0.18",
      "Hash": "e2ce80882682180c2b5f86d2b47c9951"
    },
    "utf8": {
      "Package": "utf8",
      "Version": "1.1.4",
      "Source": "Repository",
      "Repository": "CRAN",
      "Hash": "4a5081acfb7b81a572e4384a7aaf2af1"
    },
    "uuid": {
      "Package": "uuid",
      "Version": "0.1-2",
      "Source": "Repository",
      "Repository": "CRAN",
      "Hash": "a7b4e18971d6981361712704c76f50f3"
    },
    "vctrs": {
      "Package": "vctrs",
      "Version": "0.2.2",
      "Source": "Repository",
      "Repository": "CRAN",
      "Hash": "a1de558a76d2843a10f766209b9a545f"
    },
    "viridisLite": {
      "Package": "viridisLite",
      "Version": "0.3.0",
      "Source": "CRAN",
      "Repository": "CRAN",
      "RemoteType": "standard",
      "RemoteRef": "viridisLite",
      "RemoteRepos": "https://cran.rstudio.com/",
      "RemotePkgType": "macos",
      "RemoteSha": "0.3.0",
      "Hash": "ce4f6271baa94776db692f1cb2055bee"
    },
    "whisker": {
      "Package": "whisker",
      "Version": "0.4",
      "Source": "CRAN",
      "Repository": "CRAN",
      "RemoteType": "standard",
      "RemoteRef": "whisker",
      "RemoteRepos": "https://cran.rstudio.com/",
      "RemotePkgType": "macos",
      "RemoteSha": "0.4",
      "Hash": "ca970b96d894e90397ed20637a0c1bbe"
    },
    "withr": {
      "Package": "withr",
      "Version": "2.1.2",
      "Source": "Repository",
      "Repository": "CRAN",
      "Hash": "aa57ed55ff2df4bea697a07df528993d"
    },
    "xaringan": {
      "Package": "xaringan",
      "Version": "0.13.2",
      "Source": "Repository",
      "Repository": "CRAN",
      "Hash": "2c047352d68a987c2e66289f038f127e"
    },
    "xaringanExtra": {
      "Package": "xaringanExtra",
      "Version": "0.0.13",
      "Source": "GitHub",
      "RemoteType": "github",
      "RemoteHost": "api.github.com",
      "RemoteRepo": "xaringanExtra",
      "RemoteUsername": "gadenbuie",
      "RemoteRef": "master",
      "RemoteSha": "54cc0471a9be97be8b29f3c70def9cafa9e12dc2",
      "Hash": "26fc404f8f3602dd61491301a16b2d4f"
    },
    "xfun": {
      "Package": "xfun",
      "Version": "0.12",
      "Source": "CRAN",
      "Repository": "CRAN",
      "RemoteType": "standard",
      "RemoteRef": "xfun",
      "RemoteRepos": "https://cran.rstudio.com/",
      "RemotePkgType": "macos",
      "RemoteSha": "0.12",
      "Hash": "ccd8453a7b9e380628f6cd2862e46cad"
    },
    "xtable": {
      "Package": "xtable",
      "Version": "1.8-4",
      "Source": "CRAN",
      "Repository": "CRAN",
      "RemoteType": "standard",
      "RemoteRef": "xtable",
      "RemoteRepos": "https://cran.rstudio.com/",
      "RemotePkgType": "macos",
      "RemoteSha": "1.8-4",
      "Hash": "b8acdf8af494d9ec19ccb2481a9b11c2"
    },
    "yaml": {
      "Package": "yaml",
      "Version": "2.2.0",
      "Source": "CRAN",
      "Repository": "CRAN",
      "RemoteType": "standard",
      "RemoteRef": "yaml",
      "RemoteRepos": "https://cran.rstudio.com/",
      "RemotePkgType": "macos",
      "RemoteSha": "2.2.0",
      "Hash": "c78bdf1d16bd4ec7ecc86c6986d53309"
    },
    "zip": {
      "Package": "zip",
      "Version": "2.0.4",
      "Source": "Repository",
      "Repository": "CRAN",
      "Hash": "caa73cdca1a87e5f2617915c8809f207"
    }
  }
}
